
Microsoft Visual Studio Solution File, Format Version 12.00
# Visual Studio Version 16
VisualStudioVersion = 16.0.29230.47
MinimumVisualStudioVersion = 10.0.40219.1
Project("{FAE04EC0-301F-11D3-BF4B-00C04F79EFBC}") = "SmartsheetTest1", "SmartsheetTest1\SmartsheetTest1.csproj", "{A9402C97-4009-4690-933F-7CF355962BA7}"
EndProject
Global
	GlobalSection(SolutionConfigurationPlatforms) = preSolution
		Debug|Any CPU = Debug|Any CPU
		Release|Any CPU = Release|Any CPU
	EndGlobalSection
	GlobalSection(ProjectConfigurationPlatforms) = postSolution
		{A9402C97-4009-4690-933F-7CF355962BA7}.Debug|Any CPU.ActiveCfg = Debug|Any CPU
		{A9402C97-4009-4690-933F-7CF355962BA7}.Debug|Any CPU.Build.0 = Debug|Any CPU
		{A9402C97-4009-4690-933F-7CF355962BA7}.Release|Any CPU.ActiveCfg = Release|Any CPU
		{A9402C97-4009-4690-933F-7CF355962BA7}.Release|Any CPU.Build.0 = Release|Any CPU
	EndGlobalSection
	GlobalSection(SolutionProperties) = preSolution
		HideSolutionNode = FALSE
	EndGlobalSection
	GlobalSection(ExtensibilityGlobals) = postSolution
		SolutionGuid = {93409840-1FC5-44A5-9D80-27547A0441D3}
	EndGlobalSection
EndGlobal
